// !$*UTF8*$!
{
	archiveVersion = 1;
	classes = {
	};
	objectVersion = 46;
	objects = {

/* Begin PBXBuildFile section */
		390229101C39BE99005DBF73 /* dayFive.swift in Sources */ = {isa = PBXBuildFile; fileRef = 3902290F1C39BE99005DBF73 /* dayFive.swift */; };
		39E151931C3864B100E716FE /* main.swift in Sources */ = {isa = PBXBuildFile; fileRef = 39E151921C3864B100E716FE /* main.swift */; };
		39E1519A1C386DAC00E716FE /* dayOne.swift in Sources */ = {isa = PBXBuildFile; fileRef = 39E151991C386DAC00E716FE /* dayOne.swift */; };
		39E1519C1C386E5100E716FE /* dayTwo.swift in Sources */ = {isa = PBXBuildFile; fileRef = 39E1519B1C386E5100E716FE /* dayTwo.swift */; };
		39E1519E1C389B6200E716FE /* dayThree.swift in Sources */ = {isa = PBXBuildFile; fileRef = 39E1519D1C389B6200E716FE /* dayThree.swift */; };
		39E151A01C38A3ED00E716FE /* dayFour.swift in Sources */ = {isa = PBXBuildFile; fileRef = 39E1519F1C38A3ED00E716FE /* dayFour.swift */; };
/* End PBXBuildFile section */

/* Begin PBXCopyFilesBuildPhase section */
		39E1518D1C3864B100E716FE /* CopyFiles */ = {
			isa = PBXCopyFilesBuildPhase;
			buildActionMask = 2147483647;
			dstPath = /usr/share/man/man1/;
			dstSubfolderSpec = 0;
			files = (
			);
			runOnlyForDeploymentPostprocessing = 1;
		};
/* End PBXCopyFilesBuildPhase section */

/* Begin PBXFileReference section */
		3902290F1C39BE99005DBF73 /* dayFive.swift */ = {isa = PBXFileReference; fileEncoding = 4; lastKnownFileType = sourcecode.swift; path = dayFive.swift; sourceTree = "<group>"; };
		39E1518F1C3864B100E716FE /* AdventOfCode */ = {isa = PBXFileReference; explicitFileType = "compiled.mach-o.executable"; includeInIndex = 0; path = AdventOfCode; sourceTree = BUILT_PRODUCTS_DIR; };
		39E151921C3864B100E716FE /* main.swift */ = {isa = PBXFileReference; lastKnownFileType = sourcecode.swift; path = main.swift; sourceTree = "<group>"; };
		39E151991C386DAC00E716FE /* dayOne.swift */ = {isa = PBXFileReference; fileEncoding = 4; lastKnownFileType = sourcecode.swift; path = dayOne.swift; sourceTree = "<group>"; };
		39E1519B1C386E5100E716FE /* dayTwo.swift */ = {isa = PBXFileReference; fileEncoding = 4; lastKnownFileType = sourcecode.swift; path = dayTwo.swift; sourceTree = "<group>"; };
		39E1519D1C389B6200E716FE /* dayThree.swift */ = {isa = PBXFileReference; fileEncoding = 4; lastKnownFileType = sourcecode.swift; path = dayThree.swift; sourceTree = "<group>"; };
		39E1519F1C38A3ED00E716FE /* dayFour.swift */ = {isa = PBXFileReference; fileEncoding = 4; lastKnownFileType = sourcecode.swift; path = dayFour.swift; sourceTree = "<group>"; };
		39E151A11C38A46700E716FE /* AdventOfCode-Bridging-Header.h */ = {isa = PBXFileReference; lastKnownFileType = sourcecode.c.h; path = "AdventOfCode-Bridging-Header.h"; sourceTree = "<group>"; };
/* End PBXFileReference section */

/* Begin PBXFrameworksBuildPhase section */
		39E1518C1C3864B100E716FE /* Frameworks */ = {
			isa = PBXFrameworksBuildPhase;
			buildActionMask = 2147483647;
			files = (
			);
			runOnlyForDeploymentPostprocessing = 0;
		};
/* End PBXFrameworksBuildPhase section */

/* Begin PBXGroup section */
		39E151861C3864B100E716FE = {
			isa = PBXGroup;
			children = (
				39E151911C3864B100E716FE /* AdventOfCode */,
				39E151901C3864B100E716FE /* Products */,
			);
			sourceTree = "<group>";
		};
		39E151901C3864B100E716FE /* Products */ = {
			isa = PBXGroup;
			children = (
				39E1518F1C3864B100E716FE /* AdventOfCode */,
			);
			name = Products;
			sourceTree = "<group>";
		};
		39E151911C3864B100E716FE /* AdventOfCode */ = {
			isa = PBXGroup;
			children = (
				39E151921C3864B100E716FE /* main.swift */,
				39E1519D1C389B6200E716FE /* dayThree.swift */,
				39E1519F1C38A3ED00E716FE /* dayFour.swift */,
				3902290F1C39BE99005DBF73 /* dayFive.swift */,
				39E1519B1C386E5100E716FE /* dayTwo.swift */,
				39E151991C386DAC00E716FE /* dayOne.swift */,
				39E151A11C38A46700E716FE /* AdventOfCode-Bridging-Header.h */,
			);
			path = AdventOfCode;
			sourceTree = "<group>";
		};
/* End PBXGroup section */

/* Begin PBXNativeTarget section */
		39E1518E1C3864B100E716FE /* AdventOfCode */ = {
			isa = PBXNativeTarget;
			buildConfigurationList = 39E151961C3864B100E716FE /* Build configuration list for PBXNativeTarget "AdventOfCode" */;
			buildPhases = (
				39E1518B1C3864B100E716FE /* Sources */,
				39E1518C1C3864B100E716FE /* Frameworks */,
				39E1518D1C3864B100E716FE /* CopyFiles */,
			);
			buildRules = (
			);
			dependencies = (
			);
			name = AdventOfCode;
			productName = AdventOfCode;
			productReference = 39E1518F1C3864B100E716FE /* AdventOfCode */;
			productType = "com.apple.product-type.tool";
		};
/* End PBXNativeTarget section */

/* Begin PBXProject section */
		39E151871C3864B100E716FE /* Project object */ = {
			isa = PBXProject;
			attributes = {
				LastSwiftUpdateCheck = 0720;
				LastUpgradeCheck = 0720;
				ORGANIZATIONNAME = "Andrei Bocan";
				TargetAttributes = {
					39E1518E1C3864B100E716FE = {
						CreatedOnToolsVersion = 7.2;
					};
				};
			};
			buildConfigurationList = 39E1518A1C3864B100E716FE /* Build configuration list for PBXProject "AdventOfCode" */;
			compatibilityVersion = "Xcode 3.2";
			developmentRegion = English;
			hasScannedForEncodings = 0;
			knownRegions = (
				en,
			);
			mainGroup = 39E151861C3864B100E716FE;
			productRefGroup = 39E151901C3864B100E716FE /* Products */;
			projectDirPath = "";
			projectRoot = "";
			targets = (
				39E1518E1C3864B100E716FE /* AdventOfCode */,
			);
		};
/* End PBXProject section */

/* Begin PBXSourcesBuildPhase section */
		39E1518B1C3864B100E716FE /* Sources */ = {
			isa = PBXSourcesBuildPhase;
			buildActionMask = 2147483647;
			files = (
				39E151931C3864B100E716FE /* main.swift in Sources */,
				39E151A01C38A3ED00E716FE /* dayFour.swift in Sources */,
				390229101C39BE99005DBF73 /* dayFive.swift in Sources */,
				39E1519A1C386DAC00E716FE /* dayOne.swift in Sources */,
				39E1519C1C386E5100E716FE /* dayTwo.swift in Sources */,
				39E1519E1C389B6200E716FE /* dayThree.swift in Sources */,
			);
			runOnlyForDeploymentPostprocessing = 0;
		};
/* End PBXSourcesBuildPhase section */

/* Begin XCBuildConfiguration section */
		39E151941C3864B100E716FE /* Debug */ = {
			isa = XCBuildConfiguration;
			buildSettings = {
				ALWAYS_SEARCH_USER_PATHS = NO;
				CLANG_CXX_LANGUAGE_STANDARD = "gnu++0x";
				CLANG_CXX_LIBRARY = "libc++";
				CLANG_ENABLE_MODULES = YES;
				CLANG_ENABLE_OBJC_ARC = YES;
				CLANG_WARN_BOOL_CONVERSION = YES;
				CLANG_WARN_CONSTANT_CONVERSION = YES;
				CLANG_WARN_DIRECT_OBJC_ISA_USAGE = YES_ERROR;
				CLANG_WARN_EMPTY_BODY = YES;
				CLANG_WARN_ENUM_CONVERSION = YES;
				CLANG_WARN_INT_CONVERSION = YES;
				CLANG_WARN_OBJC_ROOT_CLASS = YES_ERROR;
				CLANG_WARN_UNREACHABLE_CODE = YES;
				CLANG_WARN__DUPLICATE_METHOD_MATCH = YES;
				CODE_SIGN_IDENTITY = "-";
				COPY_PHASE_STRIP = NO;
				DEBUG_INFORMATION_FORMAT = dwarf;
				ENABLE_STRICT_OBJC_MSGSEND = YES;
				ENABLE_TESTABILITY = YES;
				GCC_C_LANGUAGE_STANDARD = gnu99;
				GCC_DYNAMIC_NO_PIC = NO;
				GCC_NO_COMMON_BLOCKS = YES;
				GCC_OPTIMIZATION_LEVEL = 0;
				GCC_PREPROCESSOR_DEFINITIONS = (
					"DEBUG=1",
					"$(inherited)",
				);
				GCC_WARN_64_TO_32_BIT_CONVERSION = YES;
				GCC_WARN_ABOUT_RETURN_TYPE = YES_ERROR;
				GCC_WARN_UNDECLARED_SELECTOR = YES;
				GCC_WARN_UNINITIALIZED_AUTOS = YES_AGGRESSIVE;
				GCC_WARN_UNUSED_FUNCTION = YES;
				GCC_WARN_UNUSED_VARIABLE = YES;
				MACOSX_DEPLOYMENT_TARGET = 10.11;
				MTL_ENABLE_DEBUG_INFO = YES;
				ONLY_ACTIVE_ARCH = YES;
				SDKROOT = macosx;
				SWIFT_OPTIMIZATION_LEVEL = "-Onone";
			};
			name = Debug;
		};
		39E151951C3864B100E716FE /* Release */ = {
			isa = XCBuildConfiguration;
			buildSettings = {
				ALWAYS_SEARCH_USER_PATHS = NO;
				CLANG_CXX_LANGUAGE_STANDARD = "gnu++0x";
				CLANG_CXX_LIBRARY = "libc++";
				CLANG_ENABLE_MODULES = YES;
				CLANG_ENABLE_OBJC_ARC = YES;
				CLANG_WARN_BOOL_CONVERSION = YES;
				CLANG_WARN_CONSTANT_CONVERSION = YES;
				CLANG_WARN_DIRECT_OBJC_ISA_USAGE = YES_ERROR;
				CLANG_WARN_EMPTY_BODY = YES;
				CLANG_WARN_ENUM_CONVERSION = YES;
				CLANG_WARN_INT_CONVERSION = YES;
				CLANG_WARN_OBJC_ROOT_CLASS = YES_ERROR;
				CLANG_WARN_UNREACHABLE_CODE = YES;
				CLANG_WARN__DUPLICATE_METHOD_MATCH = YES;
				CODE_SIGN_IDENTITY = "-";
				COPY_PHASE_STRIP = NO;
				DEBUG_INFORMATION_FORMAT = "dwarf-with-dsym";
				ENABLE_NS_ASSERTIONS = NO;
				ENABLE_STRICT_OBJC_MSGSEND = YES;
				GCC_C_LANGUAGE_STANDARD = gnu99;
				GCC_NO_COMMON_BLOCKS = YES;
				GCC_WARN_64_TO_32_BIT_CONVERSION = YES;
				GCC_WARN_ABOUT_RETURN_TYPE = YES_ERROR;
				GCC_WARN_UNDECLARED_SELECTOR = YES;
				GCC_WARN_UNINITIALIZED_AUTOS = YES_AGGRESSIVE;
				GCC_WARN_UNUSED_FUNCTION = YES;
				GCC_WARN_UNUSED_VARIABLE = YES;
				MACOSX_DEPLOYMENT_TARGET = 10.11;
				MTL_ENABLE_DEBUG_INFO = NO;
				SDKROOT = macosx;
			};
			name = Release;
		};
		39E151971C3864B100E716FE /* Debug */ = {
			isa = XCBuildConfiguration;
			buildSettings = {
				CLANG_ENABLE_MODULES = YES;
				LD_RUNPATH_SEARCH_PATHS = "$(inherited) @executable_path/../Frameworks @loader_path/../Frameworks";
				PRODUCT_NAME = "$(TARGET_NAME)";
				SWIFT_OBJC_BRIDGING_HEADER = "AdventOfCode/AdventOfCode-Bridging-Header.h";
				SWIFT_OPTIMIZATION_LEVEL = "-Onone";
			};
			name = Debug;
		};
		39E151981C3864B100E716FE /* Release */ = {
			isa = XCBuildConfiguration;
			buildSettings = {
				CLANG_ENABLE_MODULES = YES;
				LD_RUNPATH_SEARCH_PATHS = "$(inherited) @executable_path/../Frameworks @loader_path/../Frameworks";
				PRODUCT_NAME = "$(TARGET_NAME)";
				SWIFT_OBJC_BRIDGING_HEADER = "AdventOfCode/AdventOfCode-Bridging-Header.h";
			};
			name = Release;
		};
/* End XCBuildConfiguration section */

/* Begin XCConfigurationList section */
		39E1518A1C3864B100E716FE /* Build configuration list for PBXProject "AdventOfCode" */ = {
			isa = XCConfigurationList;
			buildConfigurations = (
				39E151941C3864B100E716FE /* Debug */,
				39E151951C3864B100E716FE /* Release */,
			);
			defaultConfigurationIsVisible = 0;
			defaultConfigurationName = Release;
		};
		39E151961C3864B100E716FE /* Build configuration list for PBXNativeTarget "AdventOfCode" */ = {
			isa = XCConfigurationList;
			buildConfigurations = (
				39E151971C3864B100E716FE /* Debug */,
				39E151981C3864B100E716FE /* Release */,
			);
			defaultConfigurationIsVisible = 0;
			defaultConfigurationName = Release;
		};
/* End XCConfigurationList section */
	};
	rootObject = 39E151871C3864B100E716FE /* Project object */;
}
